
Microsoft Visual Studio Solution File, Format Version 12.00
# Visual Studio Version 17
VisualStudioVersion = 17.14.36511.14 d17.14
MinimumVisualStudioVersion = 10.0.40219.1
Project("{FAE04EC0-301F-11D3-BF4B-00C04F79EFBC}") = "ConsoleApp1", "ConsoleApp1.csproj", "{D31FD715-E9D2-45AB-B936-0751AA05EDEB}"
EndProject
Global
	GlobalSection(SolutionConfigurationPlatforms) = preSolution
		Debug|Any CPU = Debug|Any CPU
		Release|Any CPU = Release|Any CPU
	EndGlobalSection
	GlobalSection(ProjectConfigurationPlatforms) = postSolution
		{D31FD715-E9D2-45AB-B936-0751AA05EDEB}.Debug|Any CPU.ActiveCfg = Debug|Any CPU
		{D31FD715-E9D2-45AB-B936-0751AA05EDEB}.Debug|Any CPU.Build.0 = Debug|Any CPU
		{D31FD715-E9D2-45AB-B936-0751AA05EDEB}.Release|Any CPU.ActiveCfg = Release|Any CPU
		{D31FD715-E9D2-45AB-B936-0751AA05EDEB}.Release|Any CPU.Build.0 = Release|Any CPU
	EndGlobalSection
	GlobalSection(SolutionProperties) = preSolution
		HideSolutionNode = FALSE
	EndGlobalSection
	GlobalSection(ExtensibilityGlobals) = postSolution
		SolutionGuid = {869FF64A-FEE2-46B6-9EE9-F6AA532CF620}
	EndGlobalSection
EndGlobal
